
Microsoft Visual Studio Solution File, Format Version 12.00
# Visual Studio Version 16
VisualStudioVersion = 16.0.32002.261
MinimumVisualStudioVersion = 10.0.40219.1
Project("{FAE04EC0-301F-11D3-BF4B-00C04F79EFBC}") = "SimpleContactForm", "SimpleContactForm\SimpleContactForm.csproj", "{C9DD545B-D1AC-4EAE-B170-50368B3ED57C}"
EndProject
Global
	GlobalSection(SolutionConfigurationPlatforms) = preSolution
		Debug|Any CPU = Debug|Any CPU
		Release|Any CPU = Release|Any CPU
	EndGlobalSection
	GlobalSection(ProjectConfigurationPlatforms) = postSolution
		{C9DD545B-D1AC-4EAE-B170-50368B3ED57C}.Debug|Any CPU.ActiveCfg = Debug|Any CPU
		{C9DD545B-D1AC-4EAE-B170-50368B3ED57C}.Debug|Any CPU.Build.0 = Debug|Any CPU
		{C9DD545B-D1AC-4EAE-B170-50368B3ED57C}.Release|Any CPU.ActiveCfg = Release|Any CPU
		{C9DD545B-D1AC-4EAE-B170-50368B3ED57C}.Release|Any CPU.Build.0 = Release|Any CPU
	EndGlobalSection
	GlobalSection(SolutionProperties) = preSolution
		HideSolutionNode = FALSE
	EndGlobalSection
	GlobalSection(ExtensibilityGlobals) = postSolution
		SolutionGuid = {6F9EA37B-62ED-477E-A1E9-C808C523F0FF}
	EndGlobalSection
EndGlobal
